
Microsoft Visual Studio Solution File, Format Version 12.00
# Visual Studio 15
VisualStudioVersion = 15.0.27004.2009
MinimumVisualStudioVersion = 10.0.40219.1
Project("{2150E333-8FDC-42A3-9474-1A3956D46DE8}") = "Tests", "Tests", "{74E950BA-80F3-495D-B089-A0286FBD8DDC}"
EndProject
Project("{9A19103F-16F7-4668-BE54-9A1E7A4F7556}") = "Glav.CognitiveServices.UnitTests", "Tests\Glav.CognitiveServices.UnitTests\Glav.CognitiveServices.UnitTests.csproj", "{C72E8DDA-13D6-4933-8C68-720A41FED7CB}"
EndProject
Project("{9A19103F-16F7-4668-BE54-9A1E7A4F7556}") = "Glav.CognitiveServices.IntegrationTests", "Tests\Glav.CognitiveServices.IntegrationTests\Glav.CognitiveServices.IntegrationTests.csproj", "{0049C04C-35EB-4261-9ADE-A808D793F20B}"
EndProject
Project("{2150E333-8FDC-42A3-9474-1A3956D46DE8}") = "GeneralArtifacts", "GeneralArtifacts", "{86C79682-B240-4A42-BA88-F03E07832C2E}"
	ProjectSection(SolutionItems) = preProject
		LICENSE = LICENSE
	EndProjectSection
EndProject
Project("{9A19103F-16F7-4668-BE54-9A1E7A4F7556}") = "Glav.CognitiveServices.FluentApi.Core", "Glav.CognitiveServices.FluentApi.Core\Glav.CognitiveServices.FluentApi.Core.csproj", "{EAD5DFA0-15F8-498F-8D1A-9234603DD94E}"
EndProject
Project("{9A19103F-16F7-4668-BE54-9A1E7A4F7556}") = "Glav.CognitiveServices.FluentApi.TextAnalytic", "Glav.CognitiveServices.FluentApi.TextAnalytic\Glav.CognitiveServices.FluentApi.TextAnalytic.csproj", "{8A2C8924-E430-448F-9B33-095F5800EA2D}"
EndProject
Project("{9A19103F-16F7-4668-BE54-9A1E7A4F7556}") = "Glav.CognitiveServices.FluentApi.Emotion", "Glav.CognitiveServices.FluentApi.Emotion\Glav.CognitiveServices.FluentApi.Emotion.csproj", "{78477446-4BE0-44FC-BE5B-0EBA35AB1276}"
EndProject
Project("{2150E333-8FDC-42A3-9474-1A3956D46DE8}") = "Wiki", "Wiki", "{8DDD157F-2FD5-42DC-8AF3-5D6FA3BEF689}"
	ProjectSection(SolutionItems) = preProject
		Wiki\Common.md = Wiki\Common.md
		Wiki\ComputerVision.md = Wiki\ComputerVision.md
		Wiki\Emotion.md = Wiki\Emotion.md
		README.md = README.md
		Wiki\ReleaseNotes.md = Wiki\ReleaseNotes.md
		Wiki\Scoring.md = Wiki\Scoring.md
		Wiki\TextAnalytics.md = Wiki\TextAnalytics.md
	EndProjectSection
EndProject
Project("{9A19103F-16F7-4668-BE54-9A1E7A4F7556}") = "Glav.CognitiveServices.FluentApi.ComputerVision", "Glav.CognitiveServices.FluentApi.ComputerVision\Glav.CognitiveServices.FluentApi.ComputerVision.csproj", "{F6C258C8-5133-404C-A54E-E8BB1D0CB7E7}"
EndProject
Project("{2150E333-8FDC-42A3-9474-1A3956D46DE8}") = "BuildRelease", "BuildRelease", "{1998D8E9-E8A1-462A-9A56-6C2B7A9CCAC8}"
	ProjectSection(SolutionItems) = preProject
		BuildRelease\update-release-notes.ps1 = BuildRelease\update-release-notes.ps1
	EndProjectSection
EndProject
Project("{FAE04EC0-301F-11D3-BF4B-00C04F79EFBC}") = "Glav.CognitiveServices.FluentApi.Face", "Glav.CognitiveServices.FluentApi.Face\Glav.CognitiveServices.FluentApi.Face.csproj", "{7256DD46-4A24-4EB1-93B8-C3605AACC336}"
EndProject
Global
	GlobalSection(SolutionConfigurationPlatforms) = preSolution
		Debug|Any CPU = Debug|Any CPU
		Debug|x64 = Debug|x64
		Debug|x86 = Debug|x86
		Release|Any CPU = Release|Any CPU
		Release|x64 = Release|x64
		Release|x86 = Release|x86
	EndGlobalSection
	GlobalSection(ProjectConfigurationPlatforms) = postSolution
		{C72E8DDA-13D6-4933-8C68-720A41FED7CB}.Debug|Any CPU.ActiveCfg = Debug|Any CPU
		{C72E8DDA-13D6-4933-8C68-720A41FED7CB}.Debug|Any CPU.Build.0 = Debug|Any CPU
		{C72E8DDA-13D6-4933-8C68-720A41FED7CB}.Debug|x64.ActiveCfg = Debug|Any CPU
		{C72E8DDA-13D6-4933-8C68-720A41FED7CB}.Debug|x64.Build.0 = Debug|Any CPU
		{C72E8DDA-13D6-4933-8C68-720A41FED7CB}.Debug|x86.ActiveCfg = Debug|Any CPU
		{C72E8DDA-13D6-4933-8C68-720A41FED7CB}.Debug|x86.Build.0 = Debug|Any CPU
		{C72E8DDA-13D6-4933-8C68-720A41FED7CB}.Release|Any CPU.ActiveCfg = Release|Any CPU
		{C72E8DDA-13D6-4933-8C68-720A41FED7CB}.Release|Any CPU.Build.0 = Release|Any CPU
		{C72E8DDA-13D6-4933-8C68-720A41FED7CB}.Release|x64.ActiveCfg = Release|Any CPU
		{C72E8DDA-13D6-4933-8C68-720A41FED7CB}.Release|x64.Build.0 = Release|Any CPU
		{C72E8DDA-13D6-4933-8C68-720A41FED7CB}.Release|x86.ActiveCfg = Release|Any CPU
		{C72E8DDA-13D6-4933-8C68-720A41FED7CB}.Release|x86.Build.0 = Release|Any CPU
		{0049C04C-35EB-4261-9ADE-A808D793F20B}.Debug|Any CPU.ActiveCfg = Debug|Any CPU
		{0049C04C-35EB-4261-9ADE-A808D793F20B}.Debug|Any CPU.Build.0 = Debug|Any CPU
		{0049C04C-35EB-4261-9ADE-A808D793F20B}.Debug|x64.ActiveCfg = Debug|Any CPU
		{0049C04C-35EB-4261-9ADE-A808D793F20B}.Debug|x64.Build.0 = Debug|Any CPU
		{0049C04C-35EB-4261-9ADE-A808D793F20B}.Debug|x86.ActiveCfg = Debug|Any CPU
		{0049C04C-35EB-4261-9ADE-A808D793F20B}.Debug|x86.Build.0 = Debug|Any CPU
		{0049C04C-35EB-4261-9ADE-A808D793F20B}.Release|Any CPU.ActiveCfg = Release|Any CPU
		{0049C04C-35EB-4261-9ADE-A808D793F20B}.Release|Any CPU.Build.0 = Release|Any CPU
		{0049C04C-35EB-4261-9ADE-A808D793F20B}.Release|x64.ActiveCfg = Release|Any CPU
		{0049C04C-35EB-4261-9ADE-A808D793F20B}.Release|x64.Build.0 = Release|Any CPU
		{0049C04C-35EB-4261-9ADE-A808D793F20B}.Release|x86.ActiveCfg = Release|Any CPU
		{0049C04C-35EB-4261-9ADE-A808D793F20B}.Release|x86.Build.0 = Release|Any CPU
		{EAD5DFA0-15F8-498F-8D1A-9234603DD94E}.Debug|Any CPU.ActiveCfg = Debug|Any CPU
		{EAD5DFA0-15F8-498F-8D1A-9234603DD94E}.Debug|Any CPU.Build.0 = Debug|Any CPU
		{EAD5DFA0-15F8-498F-8D1A-9234603DD94E}.Debug|x64.ActiveCfg = Debug|Any CPU
		{EAD5DFA0-15F8-498F-8D1A-9234603DD94E}.Debug|x64.Build.0 = Debug|Any CPU
		{EAD5DFA0-15F8-498F-8D1A-9234603DD94E}.Debug|x86.ActiveCfg = Debug|Any CPU
		{EAD5DFA0-15F8-498F-8D1A-9234603DD94E}.Debug|x86.Build.0 = Debug|Any CPU
		{EAD5DFA0-15F8-498F-8D1A-9234603DD94E}.Release|Any CPU.ActiveCfg = Release|Any CPU
		{EAD5DFA0-15F8-498F-8D1A-9234603DD94E}.Release|Any CPU.Build.0 = Release|Any CPU
		{EAD5DFA0-15F8-498F-8D1A-9234603DD94E}.Release|x64.ActiveCfg = Release|Any CPU
		{EAD5DFA0-15F8-498F-8D1A-9234603DD94E}.Release|x64.Build.0 = Release|Any CPU
		{EAD5DFA0-15F8-498F-8D1A-9234603DD94E}.Release|x86.ActiveCfg = Release|Any CPU
		{EAD5DFA0-15F8-498F-8D1A-9234603DD94E}.Release|x86.Build.0 = Release|Any CPU
		{8A2C8924-E430-448F-9B33-095F5800EA2D}.Debug|Any CPU.ActiveCfg = Debug|Any CPU
		{8A2C8924-E430-448F-9B33-095F5800EA2D}.Debug|Any CPU.Build.0 = Debug|Any CPU
		{8A2C8924-E430-448F-9B33-095F5800EA2D}.Debug|x64.ActiveCfg = Debug|Any CPU
		{8A2C8924-E430-448F-9B33-095F5800EA2D}.Debug|x64.Build.0 = Debug|Any CPU
		{8A2C8924-E430-448F-9B33-095F5800EA2D}.Debug|x86.ActiveCfg = Debug|Any CPU
		{8A2C8924-E430-448F-9B33-095F5800EA2D}.Debug|x86.Build.0 = Debug|Any CPU
		{8A2C8924-E430-448F-9B33-095F5800EA2D}.Release|Any CPU.ActiveCfg = Release|Any CPU
		{8A2C8924-E430-448F-9B33-095F5800EA2D}.Release|Any CPU.Build.0 = Release|Any CPU
		{8A2C8924-E430-448F-9B33-095F5800EA2D}.Release|x64.ActiveCfg = Release|Any CPU
		{8A2C8924-E430-448F-9B33-095F5800EA2D}.Release|x64.Build.0 = Release|Any CPU
		{8A2C8924-E430-448F-9B33-095F5800EA2D}.Release|x86.ActiveCfg = Release|Any CPU
		{8A2C8924-E430-448F-9B33-095F5800EA2D}.Release|x86.Build.0 = Release|Any CPU
		{78477446-4BE0-44FC-BE5B-0EBA35AB1276}.Debug|Any CPU.ActiveCfg = Debug|Any CPU
		{78477446-4BE0-44FC-BE5B-0EBA35AB1276}.Debug|Any CPU.Build.0 = Debug|Any CPU
		{78477446-4BE0-44FC-BE5B-0EBA35AB1276}.Debug|x64.ActiveCfg = Debug|Any CPU
		{78477446-4BE0-44FC-BE5B-0EBA35AB1276}.Debug|x64.Build.0 = Debug|Any CPU
		{78477446-4BE0-44FC-BE5B-0EBA35AB1276}.Debug|x86.ActiveCfg = Debug|Any CPU
		{78477446-4BE0-44FC-BE5B-0EBA35AB1276}.Debug|x86.Build.0 = Debug|Any CPU
		{78477446-4BE0-44FC-BE5B-0EBA35AB1276}.Release|Any CPU.ActiveCfg = Release|Any CPU
		{78477446-4BE0-44FC-BE5B-0EBA35AB1276}.Release|Any CPU.Build.0 = Release|Any CPU
		{78477446-4BE0-44FC-BE5B-0EBA35AB1276}.Release|x64.ActiveCfg = Release|Any CPU
		{78477446-4BE0-44FC-BE5B-0EBA35AB1276}.Release|x64.Build.0 = Release|Any CPU
		{78477446-4BE0-44FC-BE5B-0EBA35AB1276}.Release|x86.ActiveCfg = Release|Any CPU
		{78477446-4BE0-44FC-BE5B-0EBA35AB1276}.Release|x86.Build.0 = Release|Any CPU
		{F6C258C8-5133-404C-A54E-E8BB1D0CB7E7}.Debug|Any CPU.ActiveCfg = Debug|Any CPU
		{F6C258C8-5133-404C-A54E-E8BB1D0CB7E7}.Debug|Any CPU.Build.0 = Debug|Any CPU
		{F6C258C8-5133-404C-A54E-E8BB1D0CB7E7}.Debug|x64.ActiveCfg = Debug|Any CPU
		{F6C258C8-5133-404C-A54E-E8BB1D0CB7E7}.Debug|x64.Build.0 = Debug|Any CPU
		{F6C258C8-5133-404C-A54E-E8BB1D0CB7E7}.Debug|x86.ActiveCfg = Debug|Any CPU
		{F6C258C8-5133-404C-A54E-E8BB1D0CB7E7}.Debug|x86.Build.0 = Debug|Any CPU
		{F6C258C8-5133-404C-A54E-E8BB1D0CB7E7}.Release|Any CPU.ActiveCfg = Release|Any CPU
		{F6C258C8-5133-404C-A54E-E8BB1D0CB7E7}.Release|Any CPU.Build.0 = Release|Any CPU
		{F6C258C8-5133-404C-A54E-E8BB1D0CB7E7}.Release|x64.ActiveCfg = Release|Any CPU
		{F6C258C8-5133-404C-A54E-E8BB1D0CB7E7}.Release|x64.Build.0 = Release|Any CPU
		{F6C258C8-5133-404C-A54E-E8BB1D0CB7E7}.Release|x86.ActiveCfg = Release|Any CPU
		{F6C258C8-5133-404C-A54E-E8BB1D0CB7E7}.Release|x86.Build.0 = Release|Any CPU
		{7256DD46-4A24-4EB1-93B8-C3605AACC336}.Debug|Any CPU.ActiveCfg = Debug|Any CPU
		{7256DD46-4A24-4EB1-93B8-C3605AACC336}.Debug|Any CPU.Build.0 = Debug|Any CPU
		{7256DD46-4A24-4EB1-93B8-C3605AACC336}.Debug|x64.ActiveCfg = Debug|Any CPU
		{7256DD46-4A24-4EB1-93B8-C3605AACC336}.Debug|x64.Build.0 = Debug|Any CPU
		{7256DD46-4A24-4EB1-93B8-C3605AACC336}.Debug|x86.ActiveCfg = Debug|Any CPU
		{7256DD46-4A24-4EB1-93B8-C3605AACC336}.Debug|x86.Build.0 = Debug|Any CPU
		{7256DD46-4A24-4EB1-93B8-C3605AACC336}.Release|Any CPU.ActiveCfg = Release|Any CPU
		{7256DD46-4A24-4EB1-93B8-C3605AACC336}.Release|Any CPU.Build.0 = Release|Any CPU
		{7256DD46-4A24-4EB1-93B8-C3605AACC336}.Release|x64.ActiveCfg = Release|Any CPU
		{7256DD46-4A24-4EB1-93B8-C3605AACC336}.Release|x64.Build.0 = Release|Any CPU
		{7256DD46-4A24-4EB1-93B8-C3605AACC336}.Release|x86.ActiveCfg = Release|Any CPU
		{7256DD46-4A24-4EB1-93B8-C3605AACC336}.Release|x86.Build.0 = Release|Any CPU
	EndGlobalSection
	GlobalSection(SolutionProperties) = preSolution
		HideSolutionNode = FALSE
	EndGlobalSection
	GlobalSection(NestedProjects) = preSolution
		{C72E8DDA-13D6-4933-8C68-720A41FED7CB} = {74E950BA-80F3-495D-B089-A0286FBD8DDC}
		{0049C04C-35EB-4261-9ADE-A808D793F20B} = {74E950BA-80F3-495D-B089-A0286FBD8DDC}
	EndGlobalSection
	GlobalSection(ExtensibilityGlobals) = postSolution
		SolutionGuid = {0BFC44EA-8668-4141-B51B-8ABA808EF0F3}
	EndGlobalSection
EndGlobal
