
Microsoft Visual Studio Solution File, Format Version 12.00
# Visual Studio 15
VisualStudioVersion = 15.0.26228.10
MinimumVisualStudioVersion = 10.0.40219.1
Project("{9A19103F-16F7-4668-BE54-9A1E7A4F7556}") = "Glav.CognitiveServices.Api", "Glav.CognitiveServices.Api\Glav.CognitiveServices.Api.csproj", "{6C0BF99F-89B3-43BC-9B79-A76181155412}"
EndProject
Project("{2150E333-8FDC-42A3-9474-1A3956D46DE8}") = "Tests", "Tests", "{74E950BA-80F3-495D-B089-A0286FBD8DDC}"
EndProject
Project("{9A19103F-16F7-4668-BE54-9A1E7A4F7556}") = "Glav.CognitiveServices.UnitTests", "Tests\Glav.CognitiveServices.UnitTests\Glav.CognitiveServices.UnitTests.csproj", "{C72E8DDA-13D6-4933-8C68-720A41FED7CB}"
EndProject
Project("{9A19103F-16F7-4668-BE54-9A1E7A4F7556}") = "Glav.CognitiveServices.IntegrationTests", "Tests\Glav.CognitiveServices.IntegrationTests\Glav.CognitiveServices.IntegrationTests.csproj", "{0049C04C-35EB-4261-9ADE-A808D793F20B}"
EndProject
Project("{2150E333-8FDC-42A3-9474-1A3956D46DE8}") = "GeneralArtifacts", "GeneralArtifacts", "{86C79682-B240-4A42-BA88-F03E07832C2E}"
	ProjectSection(SolutionItems) = preProject
		LICENSE = LICENSE
		README.md = README.md
	EndProjectSection
EndProject
Project("{9A19103F-16F7-4668-BE54-9A1E7A4F7556}") = "Glav.CognitiveServices.Api.Core", "Glav.CognitiveServices.Api.Core\Glav.CognitiveServices.Api.Core.csproj", "{C919EDCE-0362-43F9-ADD5-54F028A9DCF5}"
EndProject
Global
	GlobalSection(SolutionConfigurationPlatforms) = preSolution
		Debug|Any CPU = Debug|Any CPU
		Debug|x64 = Debug|x64
		Debug|x86 = Debug|x86
		Release|Any CPU = Release|Any CPU
		Release|x64 = Release|x64
		Release|x86 = Release|x86
	EndGlobalSection
	GlobalSection(ProjectConfigurationPlatforms) = postSolution
		{6C0BF99F-89B3-43BC-9B79-A76181155412}.Debug|Any CPU.ActiveCfg = Debug|Any CPU
		{6C0BF99F-89B3-43BC-9B79-A76181155412}.Debug|Any CPU.Build.0 = Debug|Any CPU
		{6C0BF99F-89B3-43BC-9B79-A76181155412}.Debug|x64.ActiveCfg = Debug|Any CPU
		{6C0BF99F-89B3-43BC-9B79-A76181155412}.Debug|x64.Build.0 = Debug|Any CPU
		{6C0BF99F-89B3-43BC-9B79-A76181155412}.Debug|x86.ActiveCfg = Debug|Any CPU
		{6C0BF99F-89B3-43BC-9B79-A76181155412}.Debug|x86.Build.0 = Debug|Any CPU
		{6C0BF99F-89B3-43BC-9B79-A76181155412}.Release|Any CPU.ActiveCfg = Release|Any CPU
		{6C0BF99F-89B3-43BC-9B79-A76181155412}.Release|Any CPU.Build.0 = Release|Any CPU
		{6C0BF99F-89B3-43BC-9B79-A76181155412}.Release|x64.ActiveCfg = Release|Any CPU
		{6C0BF99F-89B3-43BC-9B79-A76181155412}.Release|x64.Build.0 = Release|Any CPU
		{6C0BF99F-89B3-43BC-9B79-A76181155412}.Release|x86.ActiveCfg = Release|Any CPU
		{6C0BF99F-89B3-43BC-9B79-A76181155412}.Release|x86.Build.0 = Release|Any CPU
		{C72E8DDA-13D6-4933-8C68-720A41FED7CB}.Debug|Any CPU.ActiveCfg = Debug|Any CPU
		{C72E8DDA-13D6-4933-8C68-720A41FED7CB}.Debug|Any CPU.Build.0 = Debug|Any CPU
		{C72E8DDA-13D6-4933-8C68-720A41FED7CB}.Debug|x64.ActiveCfg = Debug|Any CPU
		{C72E8DDA-13D6-4933-8C68-720A41FED7CB}.Debug|x64.Build.0 = Debug|Any CPU
		{C72E8DDA-13D6-4933-8C68-720A41FED7CB}.Debug|x86.ActiveCfg = Debug|Any CPU
		{C72E8DDA-13D6-4933-8C68-720A41FED7CB}.Debug|x86.Build.0 = Debug|Any CPU
		{C72E8DDA-13D6-4933-8C68-720A41FED7CB}.Release|Any CPU.ActiveCfg = Release|Any CPU
		{C72E8DDA-13D6-4933-8C68-720A41FED7CB}.Release|Any CPU.Build.0 = Release|Any CPU
		{C72E8DDA-13D6-4933-8C68-720A41FED7CB}.Release|x64.ActiveCfg = Release|Any CPU
		{C72E8DDA-13D6-4933-8C68-720A41FED7CB}.Release|x64.Build.0 = Release|Any CPU
		{C72E8DDA-13D6-4933-8C68-720A41FED7CB}.Release|x86.ActiveCfg = Release|Any CPU
		{C72E8DDA-13D6-4933-8C68-720A41FED7CB}.Release|x86.Build.0 = Release|Any CPU
		{0049C04C-35EB-4261-9ADE-A808D793F20B}.Debug|Any CPU.ActiveCfg = Debug|Any CPU
		{0049C04C-35EB-4261-9ADE-A808D793F20B}.Debug|Any CPU.Build.0 = Debug|Any CPU
		{0049C04C-35EB-4261-9ADE-A808D793F20B}.Debug|x64.ActiveCfg = Debug|Any CPU
		{0049C04C-35EB-4261-9ADE-A808D793F20B}.Debug|x64.Build.0 = Debug|Any CPU
		{0049C04C-35EB-4261-9ADE-A808D793F20B}.Debug|x86.ActiveCfg = Debug|Any CPU
		{0049C04C-35EB-4261-9ADE-A808D793F20B}.Debug|x86.Build.0 = Debug|Any CPU
		{0049C04C-35EB-4261-9ADE-A808D793F20B}.Release|Any CPU.ActiveCfg = Release|Any CPU
		{0049C04C-35EB-4261-9ADE-A808D793F20B}.Release|Any CPU.Build.0 = Release|Any CPU
		{0049C04C-35EB-4261-9ADE-A808D793F20B}.Release|x64.ActiveCfg = Release|Any CPU
		{0049C04C-35EB-4261-9ADE-A808D793F20B}.Release|x64.Build.0 = Release|Any CPU
		{0049C04C-35EB-4261-9ADE-A808D793F20B}.Release|x86.ActiveCfg = Release|Any CPU
		{0049C04C-35EB-4261-9ADE-A808D793F20B}.Release|x86.Build.0 = Release|Any CPU
		{C919EDCE-0362-43F9-ADD5-54F028A9DCF5}.Debug|Any CPU.ActiveCfg = Debug|Any CPU
		{C919EDCE-0362-43F9-ADD5-54F028A9DCF5}.Debug|Any CPU.Build.0 = Debug|Any CPU
		{C919EDCE-0362-43F9-ADD5-54F028A9DCF5}.Debug|x64.ActiveCfg = Debug|Any CPU
		{C919EDCE-0362-43F9-ADD5-54F028A9DCF5}.Debug|x64.Build.0 = Debug|Any CPU
		{C919EDCE-0362-43F9-ADD5-54F028A9DCF5}.Debug|x86.ActiveCfg = Debug|Any CPU
		{C919EDCE-0362-43F9-ADD5-54F028A9DCF5}.Debug|x86.Build.0 = Debug|Any CPU
		{C919EDCE-0362-43F9-ADD5-54F028A9DCF5}.Release|Any CPU.ActiveCfg = Release|Any CPU
		{C919EDCE-0362-43F9-ADD5-54F028A9DCF5}.Release|Any CPU.Build.0 = Release|Any CPU
		{C919EDCE-0362-43F9-ADD5-54F028A9DCF5}.Release|x64.ActiveCfg = Release|Any CPU
		{C919EDCE-0362-43F9-ADD5-54F028A9DCF5}.Release|x64.Build.0 = Release|Any CPU
		{C919EDCE-0362-43F9-ADD5-54F028A9DCF5}.Release|x86.ActiveCfg = Release|Any CPU
		{C919EDCE-0362-43F9-ADD5-54F028A9DCF5}.Release|x86.Build.0 = Release|Any CPU
	EndGlobalSection
	GlobalSection(SolutionProperties) = preSolution
		HideSolutionNode = FALSE
	EndGlobalSection
	GlobalSection(NestedProjects) = preSolution
		{C72E8DDA-13D6-4933-8C68-720A41FED7CB} = {74E950BA-80F3-495D-B089-A0286FBD8DDC}
		{0049C04C-35EB-4261-9ADE-A808D793F20B} = {74E950BA-80F3-495D-B089-A0286FBD8DDC}
	EndGlobalSection
EndGlobal
